{
  "version": 4,
  "terraform_version": "1.0.0",
  "serial": 50,
  "lineage": "62fd0bbe-0f82-37f5-169a-0deca1ec5753",
  "outputs": {},
  "resources": [
    {
      "mode": "managed",
      "type": "aws_glue_catalog_database",
      "name": "aws_glue_catalog_database",
      "provider": "provider[\"registry.terraform.io/hashicorp/aws\"]",
      "instances": [
        {
          "schema_version": 0,
          "attributes": {
            "arn": "arn:aws:glue:eu-west-3:408566731358:database/crypto",
            "catalog_id": "408566731358",
            "description": "",
            "id": "408566731358:crypto",
            "location_uri": "",
            "name": "crypto",
            "parameters": {},
            "target_database": []
          },
          "sensitive_attributes": [],
          "private": "bnVsbA=="
        }
      ]
    },
    {
      "module": "module.lambda_streaming",
      "mode": "managed",
      "type": "aws_cloudwatch_event_rule",
      "name": "cron",
      "provider": "provider[\"registry.terraform.io/hashicorp/aws\"]",
      "instances": [
        {
          "index_key": 0,
          "schema_version": 0,
          "attributes": {
            "arn": "arn:aws:events:eu-west-3:408566731358:rule/terraform-20220109140100990000000001",
            "description": "",
            "event_bus_name": "default",
            "event_pattern": null,
            "id": "terraform-20220109140100990000000001",
            "is_enabled": true,
            "name": "terraform-20220109140100990000000001",
            "name_prefix": "terraform-",
            "role_arn": "",
            "schedule_expression": "rate(1 minute)",
            "tags": {},
            "tags_all": {}
          },
          "sensitive_attributes": [],
          "private": "bnVsbA=="
        }
      ]
    },
    {
      "module": "module.lambda_streaming",
      "mode": "managed",
      "type": "aws_cloudwatch_event_target",
      "name": "cron",
      "provider": "provider[\"registry.terraform.io/hashicorp/aws\"]",
      "instances": [
        {
          "index_key": 0,
          "schema_version": 1,
          "attributes": {
            "arn": "arn:aws:lambda:eu-west-3:408566731358:function:streaming",
            "batch_target": [],
            "dead_letter_config": [],
            "ecs_target": [],
            "event_bus_name": "default",
            "http_target": [],
            "id": "terraform-20220109140100990000000001-terraform-20220109140351282700000001",
            "input": "",
            "input_path": "",
            "input_transformer": [],
            "kinesis_target": [],
            "redshift_target": [],
            "retry_policy": [],
            "role_arn": "",
            "rule": "terraform-20220109140100990000000001",
            "run_command_targets": [],
            "sqs_target": [],
            "target_id": "terraform-20220109140351282700000001"
          },
          "sensitive_attributes": [],
          "private": "eyJzY2hlbWFfdmVyc2lvbiI6IjEifQ==",
          "dependencies": [
            "module.lambda_streaming.aws_cloudwatch_event_rule.cron",
            "module.lambda_streaming.aws_lambda_function.lambda"
          ]
        }
      ]
    },
    {
      "module": "module.lambda_streaming",
      "mode": "managed",
      "type": "aws_iam_role",
      "name": "lambda",
      "provider": "provider[\"registry.terraform.io/hashicorp/aws\"]",
      "instances": [
        {
          "schema_version": 0,
          "attributes": {
            "arn": "arn:aws:iam::408566731358:role/streaming",
            "assume_role_policy": "{\"Version\":\"2012-10-17\",\"Statement\":[{\"Sid\":\"\",\"Effect\":\"Allow\",\"Principal\":{\"Service\":\"lambda.amazonaws.com\"},\"Action\":\"sts:AssumeRole\"}]}",
            "create_date": "2022-01-09T13:10:11Z",
            "description": "",
            "force_detach_policies": false,
            "id": "streaming",
            "inline_policy": [
              {
                "name": "",
                "policy": ""
              }
            ],
            "managed_policy_arns": [
              "arn:aws:iam::aws:policy/service-role/AWSLambdaBasicExecutionRole"
            ],
            "max_session_duration": 3600,
            "name": "streaming",
            "name_prefix": "",
            "path": "/",
            "permissions_boundary": null,
            "tags": {},
            "tags_all": {},
            "unique_id": "AROAV6IDZSJPLCCHHRH5C"
          },
          "sensitive_attributes": [],
          "private": "bnVsbA=="
        }
      ]
    },
    {
      "module": "module.lambda_streaming",
      "mode": "managed",
      "type": "aws_iam_role_policy_attachment",
      "name": "cloudwatch",
      "provider": "provider[\"registry.terraform.io/hashicorp/aws\"]",
      "instances": [
        {
          "schema_version": 0,
          "attributes": {
            "id": "streaming-20220109131013812700000001",
            "policy_arn": "arn:aws:iam::aws:policy/service-role/AWSLambdaBasicExecutionRole",
            "role": "streaming"
          },
          "sensitive_attributes": [],
          "private": "bnVsbA==",
          "dependencies": [
            "module.lambda_streaming.aws_iam_role.lambda"
          ]
        }
      ]
    },
    {
      "module": "module.lambda_streaming",
      "mode": "managed",
      "type": "aws_lambda_function",
      "name": "lambda",
      "provider": "provider[\"registry.terraform.io/hashicorp/aws\"]",
      "instances": [
        {
          "schema_version": 0,
          "attributes": {
            "architectures": [],
            "arn": "arn:aws:lambda:eu-west-3:408566731358:function:streaming",
            "code_signing_config_arn": "",
            "dead_letter_config": [],
            "description": "",
            "environment": [],
            "file_system_config": [],
            "filename": null,
            "function_name": "streaming",
            "handler": "",
            "id": "streaming",
            "image_config": [
              {
                "command": [
                  "stream.lambda_handler"
                ],
                "entry_point": [],
                "working_directory": ""
              }
            ],
            "image_uri": "408566731358.dkr.ecr.eu-west-3.amazonaws.com/crypto:lambda_image",
            "invoke_arn": "arn:aws:apigateway:eu-west-3:lambda:path/2015-03-31/functions/arn:aws:lambda:eu-west-3:408566731358:function:streaming/invocations",
            "kms_key_arn": "",
            "last_modified": "2022-01-09T14:03:16.964+0000",
            "layers": [],
            "memory_size": 128,
            "package_type": "Image",
            "publish": false,
            "qualified_arn": "arn:aws:lambda:eu-west-3:408566731358:function:streaming:$LATEST",
            "reserved_concurrent_executions": 0,
            "role": "arn:aws:iam::408566731358:role/streaming",
            "runtime": "",
            "s3_bucket": null,
            "s3_key": null,
            "s3_object_version": null,
            "signing_job_arn": "",
            "signing_profile_version_arn": "",
            "source_code_hash": "d0bb5fe56da2cbf241f7457123ef4eabb39b28c24ec50fdb919e7190c1ec8db7",
            "source_code_size": 0,
            "tags": {},
            "tags_all": {},
            "timeout": 120,
            "timeouts": null,
            "tracing_config": [
              {
                "mode": "PassThrough"
              }
            ],
            "version": "$LATEST",
            "vpc_config": []
          },
          "sensitive_attributes": [],
          "private": "eyJlMmJmYjczMC1lY2FhLTExZTYtOGY4OC0zNDM2M2JjN2M0YzAiOnsiY3JlYXRlIjo2MDAwMDAwMDAwMDB9fQ==",
          "dependencies": [
            "module.lambda_streaming.aws_iam_role.lambda"
          ]
        }
      ]
    },
    {
      "module": "module.lambda_streaming",
      "mode": "managed",
      "type": "aws_lambda_permission",
      "name": "cron",
      "provider": "provider[\"registry.terraform.io/hashicorp/aws\"]",
      "instances": [
        {
          "index_key": 0,
          "schema_version": 0,
          "attributes": {
            "action": "lambda:InvokeFunction",
            "event_source_token": null,
            "function_name": "streaming",
            "id": "AllowExecutionFromCloudWatch",
            "principal": "events.amazonaws.com",
            "qualifier": "",
            "source_account": null,
            "source_arn": "arn:aws:events:eu-west-3:408566731358:rule/terraform-20220109140100990000000001",
            "statement_id": "AllowExecutionFromCloudWatch",
            "statement_id_prefix": null
          },
          "sensitive_attributes": [],
          "private": "bnVsbA==",
          "dependencies": [
            "module.lambda_streaming.aws_cloudwatch_event_rule.cron",
            "module.lambda_streaming.aws_iam_role.lambda",
            "module.lambda_streaming.aws_lambda_function.lambda"
          ]
        }
      ]
    },
    {
      "module": "module.lambda_streaming",
      "mode": "managed",
      "type": "aws_sqs_queue",
      "name": "lambda_dead_letter_queue",
      "provider": "provider[\"registry.terraform.io/hashicorp/aws\"]",
      "instances": [
        {
          "index_key": 0,
          "schema_version": 0,
          "attributes": {
            "arn": "arn:aws:sqs:eu-west-3:408566731358:streaming-dead-letter-queue",
            "content_based_deduplication": false,
            "deduplication_scope": "",
            "delay_seconds": 0,
            "fifo_queue": false,
            "fifo_throughput_limit": "",
            "id": "https://sqs.eu-west-3.amazonaws.com/408566731358/streaming-dead-letter-queue",
            "kms_data_key_reuse_period_seconds": 300,
            "kms_master_key_id": "",
            "max_message_size": 262144,
            "message_retention_seconds": 345600,
            "name": "streaming-dead-letter-queue",
            "name_prefix": "",
            "policy": "",
            "receive_wait_time_seconds": 0,
            "redrive_allow_policy": "",
            "redrive_policy": "",
            "sqs_managed_sse_enabled": false,
            "tags": {},
            "tags_all": {},
            "url": "https://sqs.eu-west-3.amazonaws.com/408566731358/streaming-dead-letter-queue",
            "visibility_timeout_seconds": 30
          },
          "sensitive_attributes": [],
          "private": "bnVsbA=="
        }
      ]
    }
  ]
}
